PODS:
  - HCVimeoVideoExtractor (0.0.1)

DEPENDENCIES:
  - HCVimeoVideoExtractor (from `../`)

EXTERNAL SOURCES:
  HCVimeoVideoExtractor:
    :path: ../

SPEC CHECKSUMS:
  HCVimeoVideoExtractor: fc132786534872921745c4a19093bf722c22803c

PODFILE CHECKSUM: 1f197f25350e55a60f403728be87347c3f349630

COCOAPODS: 1.4.0
